
Microsoft Visual Studio Solution File, Format Version 12.00
# Visual Studio 14
VisualStudioVersion = 14.0.25420.1
MinimumVisualStudioVersion = 10.0.40219.1
Project("{FAE04EC0-301F-11D3-BF4B-00C04F79EFBC}") = "Intertech.Tfs.Plugin", "PlugIns\Intertech.Tfs.Plugin.csproj", "{9C89D7BD-734C-407E-A8FF-8E813287BA94}"
EndProject
Project("{FAE04EC0-301F-11D3-BF4B-00C04F79EFBC}") = "Intertech.Configuration", "Intertech.Configuration\Intertech.Configuration.csproj", "{FA3415AC-1A3B-4DD9-866B-14F175131F7A}"
EndProject
Project("{FAE04EC0-301F-11D3-BF4B-00C04F79EFBC}") = "Intertech.TFS.RestServiceCaller", "Intertech.TFS.RestServiceCaller\Intertech.TFS.RestServiceCaller.csproj", "{8ECEDACA-5EC4-47A6-822C-3A1B26432CCB}"
EndProject
Project("{FAE04EC0-301F-11D3-BF4B-00C04F79EFBC}") = "Intertech.Tfs.Common", "Intertech.Tfs.Common\Intertech.Tfs.Common.csproj", "{FC6FCF95-9655-4833-A240-7221839F30F8}"
EndProject
Global
	GlobalSection(SolutionConfigurationPlatforms) = preSolution
		Debug|Any CPU = Debug|Any CPU
		Release|Any CPU = Release|Any CPU
	EndGlobalSection
	GlobalSection(ProjectConfigurationPlatforms) = postSolution
		{9C89D7BD-734C-407E-A8FF-8E813287BA94}.Debug|Any CPU.ActiveCfg = Debug|Any CPU
		{9C89D7BD-734C-407E-A8FF-8E813287BA94}.Debug|Any CPU.Build.0 = Debug|Any CPU
		{9C89D7BD-734C-407E-A8FF-8E813287BA94}.Release|Any CPU.ActiveCfg = Release|Any CPU
		{9C89D7BD-734C-407E-A8FF-8E813287BA94}.Release|Any CPU.Build.0 = Release|Any CPU
		{FA3415AC-1A3B-4DD9-866B-14F175131F7A}.Debug|Any CPU.ActiveCfg = Debug|Any CPU
		{FA3415AC-1A3B-4DD9-866B-14F175131F7A}.Debug|Any CPU.Build.0 = Debug|Any CPU
		{FA3415AC-1A3B-4DD9-866B-14F175131F7A}.Release|Any CPU.ActiveCfg = Release|Any CPU
		{FA3415AC-1A3B-4DD9-866B-14F175131F7A}.Release|Any CPU.Build.0 = Release|Any CPU
		{8ECEDACA-5EC4-47A6-822C-3A1B26432CCB}.Debug|Any CPU.ActiveCfg = Debug|Any CPU
		{8ECEDACA-5EC4-47A6-822C-3A1B26432CCB}.Debug|Any CPU.Build.0 = Debug|Any CPU
		{8ECEDACA-5EC4-47A6-822C-3A1B26432CCB}.Release|Any CPU.ActiveCfg = Release|Any CPU
		{8ECEDACA-5EC4-47A6-822C-3A1B26432CCB}.Release|Any CPU.Build.0 = Release|Any CPU
		{FC6FCF95-9655-4833-A240-7221839F30F8}.Debug|Any CPU.ActiveCfg = Debug|Any CPU
		{FC6FCF95-9655-4833-A240-7221839F30F8}.Debug|Any CPU.Build.0 = Debug|Any CPU
		{FC6FCF95-9655-4833-A240-7221839F30F8}.Release|Any CPU.ActiveCfg = Release|Any CPU
		{FC6FCF95-9655-4833-A240-7221839F30F8}.Release|Any CPU.Build.0 = Release|Any CPU
	EndGlobalSection
	GlobalSection(SolutionProperties) = preSolution
		HideSolutionNode = FALSE
	EndGlobalSection
EndGlobal
